// !$*UTF8*$!
{
	archiveVersion = 1;
	classes = {
	};
	objectVersion = 46;
	objects = {

/* Begin PBXBuildFile section */
		F40C76B4B2285541A28B58EF /* Pods_myBalance.framework in Frameworks */ = {isa = PBXBuildFile; fileRef = 2365E9D6DA1B42E93DB5C5BC /* Pods_myBalance.framework */; };
		FC0BC50F1FB3F63200225270 /* UserInfoResourceService.swift in Sources */ = {isa = PBXBuildFile; fileRef = FC0BC50E1FB3F63200225270 /* UserInfoResourceService.swift */; };
		FC0BC5121FB3F67E00225270 /* UserInfo.swift in Sources */ = {isa = PBXBuildFile; fileRef = FC0BC5111FB3F67E00225270 /* UserInfo.swift */; };
		FC2762CD1FBBD9DC000502A6 /* QuoteOfTheDayResponse.swift in Sources */ = {isa = PBXBuildFile; fileRef = FC2762CC1FBBD9DC000502A6 /* QuoteOfTheDayResponse.swift */; };
		FC3FD0EB1FA678B7002E6529 /* AppDelegate.swift in Sources */ = {isa = PBXBuildFile; fileRef = FC3FD0EA1FA678B7002E6529 /* AppDelegate.swift */; };
		FC3FD0F01FA678B7002E6529 /* Main.storyboard in Resources */ = {isa = PBXBuildFile; fileRef = FC3FD0EE1FA678B7002E6529 /* Main.storyboard */; };
		FC3FD0F21FA678B7002E6529 /* Assets.xcassets in Resources */ = {isa = PBXBuildFile; fileRef = FC3FD0F11FA678B7002E6529 /* Assets.xcassets */; };
		FC3FD0F51FA678B7002E6529 /* LaunchScreen.storyboard in Resources */ = {isa = PBXBuildFile; fileRef = FC3FD0F31FA678B7002E6529 /* LaunchScreen.storyboard */; };
		FC3FD1021FA67A8E002E6529 /* LandingScreenViewController.swift in Sources */ = {isa = PBXBuildFile; fileRef = FC3FD1011FA67A8E002E6529 /* LandingScreenViewController.swift */; };
		FC59FB341FC105580046C613 /* DashboardTableViewController.swift in Sources */ = {isa = PBXBuildFile; fileRef = FC59FB331FC105580046C613 /* DashboardTableViewController.swift */; };
		FC59FB371FC1057D0046C613 /* SideMenuTableViewController.swift in Sources */ = {isa = PBXBuildFile; fileRef = FC59FB361FC1057D0046C613 /* SideMenuTableViewController.swift */; };
		FC59FB391FC10A300046C613 /* MoodTableViewCell.swift in Sources */ = {isa = PBXBuildFile; fileRef = FC59FB381FC10A300046C613 /* MoodTableViewCell.swift */; };
		FC59FB3B1FC10B1F0046C613 /* ProfileSettingsTableViewCell.swift in Sources */ = {isa = PBXBuildFile; fileRef = FC59FB3A1FC10B1F0046C613 /* ProfileSettingsTableViewCell.swift */; };
		FC59FB3D1FC10B2C0046C613 /* NotificationsTableViewCell.swift in Sources */ = {isa = PBXBuildFile; fileRef = FC59FB3C1FC10B2C0046C613 /* NotificationsTableViewCell.swift */; };
		FC59FB3F1FC10E630046C613 /* MyNetworkTableViewCell.swift in Sources */ = {isa = PBXBuildFile; fileRef = FC59FB3E1FC10E630046C613 /* MyNetworkTableViewCell.swift */; };
		FC59FB411FC10E7C0046C613 /* UpgradeTableViewCell.swift in Sources */ = {isa = PBXBuildFile; fileRef = FC59FB401FC10E7C0046C613 /* UpgradeTableViewCell.swift */; };
		FC59FB431FC10E8D0046C613 /* HelpTableViewCell.swift in Sources */ = {isa = PBXBuildFile; fileRef = FC59FB421FC10E8D0046C613 /* HelpTableViewCell.swift */; };
		FC59FB451FC10E9C0046C613 /* TermsOfServiceTableViewCell.swift in Sources */ = {isa = PBXBuildFile; fileRef = FC59FB441FC10E9C0046C613 /* TermsOfServiceTableViewCell.swift */; };
		FC59FB471FC10EA60046C613 /* LogOutTableViewCell.swift in Sources */ = {isa = PBXBuildFile; fileRef = FC59FB461FC10EA60046C613 /* LogOutTableViewCell.swift */; };
		FC65C6911FB7E16B005513D2 /* ServiceBase.swift in Sources */ = {isa = PBXBuildFile; fileRef = FC65C6901FB7E16B005513D2 /* ServiceBase.swift */; };
		FC8742AF1FAFDA1200D315E5 /* AddProfileViewController.swift in Sources */ = {isa = PBXBuildFile; fileRef = FC8742AE1FAFDA1200D315E5 /* AddProfileViewController.swift */; };
		FC8962A21FA67F5B00D75A8F /* LoginViewController.swift in Sources */ = {isa = PBXBuildFile; fileRef = FC8962A11FA67F5B00D75A8F /* LoginViewController.swift */; };
		FC8962A51FA67F8A00D75A8F /* LoginRequest.swift in Sources */ = {isa = PBXBuildFile; fileRef = FC8962A41FA67F8A00D75A8F /* LoginRequest.swift */; };
		FC8962A71FA67F9800D75A8F /* AuthenticateResponse.swift in Sources */ = {isa = PBXBuildFile; fileRef = FC8962A61FA67F9800D75A8F /* AuthenticateResponse.swift */; };
		FC8962AA1FA67FD800D75A8F /* LoginViewModel.swift in Sources */ = {isa = PBXBuildFile; fileRef = FC8962A91FA67FD800D75A8F /* LoginViewModel.swift */; };
		FC8962AD1FA688F900D75A8F /* UserJwtControllerService.swift in Sources */ = {isa = PBXBuildFile; fileRef = FC8962AC1FA688F900D75A8F /* UserJwtControllerService.swift */; };
		FC8962AF1FA6892900D75A8F /* ApiResponse.swift in Sources */ = {isa = PBXBuildFile; fileRef = FC8962AE1FA6892800D75A8F /* ApiResponse.swift */; };
		FC8962B21FA68C5700D75A8F /* QotdViewController.swift in Sources */ = {isa = PBXBuildFile; fileRef = FC8962B11FA68C5700D75A8F /* QotdViewController.swift */; };
		FC8962B61FA6B72E00D75A8F /* SignUpViewController.swift in Sources */ = {isa = PBXBuildFile; fileRef = FC8962B51FA6B72E00D75A8F /* SignUpViewController.swift */; };
		FC8962B81FA6BC3700D75A8F /* SignUpViewModel.swift in Sources */ = {isa = PBXBuildFile; fileRef = FC8962B71FA6BC3700D75A8F /* SignUpViewModel.swift */; };
		FC8962BB1FA6BF5A00D75A8F /* RegisterAccountRequest.swift in Sources */ = {isa = PBXBuildFile; fileRef = FC8962BA1FA6BF5A00D75A8F /* RegisterAccountRequest.swift */; };
		FC8962BE1FA6BFFA00D75A8F /* AccountResourceService.swift in Sources */ = {isa = PBXBuildFile; fileRef = FC8962BD1FA6BFFA00D75A8F /* AccountResourceService.swift */; };
		FCA6F4561FB1536300925441 /* AddProfileViewModel.swift in Sources */ = {isa = PBXBuildFile; fileRef = FCA6F4551FB1536300925441 /* AddProfileViewModel.swift */; };
		FCA6F4581FB153C300925441 /* AddProfileRequest.swift in Sources */ = {isa = PBXBuildFile; fileRef = FCA6F4571FB153C300925441 /* AddProfileRequest.swift */; };
		FCAFE9CE1FE0BB84004DAAE2 /* TrackTableViewController.swift in Sources */ = {isa = PBXBuildFile; fileRef = FCAFE9CD1FE0BB84004DAAE2 /* TrackTableViewController.swift */; };
		FCAFE9D21FE0BCCE004DAAE2 /* SleepTableViewCell.swift in Sources */ = {isa = PBXBuildFile; fileRef = FCAFE9D11FE0BCCE004DAAE2 /* SleepTableViewCell.swift */; };
		FCAFE9D41FE0BCD8004DAAE2 /* StressTableViewCell.swift in Sources */ = {isa = PBXBuildFile; fileRef = FCAFE9D31FE0BCD8004DAAE2 /* StressTableViewCell.swift */; };
		FCAFE9D61FE0BCEC004DAAE2 /* InterestsTableViewCell.swift in Sources */ = {isa = PBXBuildFile; fileRef = FCAFE9D51FE0BCEC004DAAE2 /* InterestsTableViewCell.swift */; };
		FCAFE9D81FE0BCF8004DAAE2 /* ConcentrationTableViewCell.swift in Sources */ = {isa = PBXBuildFile; fileRef = FCAFE9D71FE0BCF8004DAAE2 /* ConcentrationTableViewCell.swift */; };
		FCAFE9DA1FE0BD17004DAAE2 /* IrritabilityTableViewCell.swift in Sources */ = {isa = PBXBuildFile; fileRef = FCAFE9D91FE0BD17004DAAE2 /* IrritabilityTableViewCell.swift */; };
		FCAFE9DC1FE0BD22004DAAE2 /* BodyTableViewCell.swift in Sources */ = {isa = PBXBuildFile; fileRef = FCAFE9DB1FE0BD22004DAAE2 /* BodyTableViewCell.swift */; };
		FCAFE9DE1FE0BD2E004DAAE2 /* PerformanceTableViewCell.swift in Sources */ = {isa = PBXBuildFile; fileRef = FCAFE9DD1FE0BD2E004DAAE2 /* PerformanceTableViewCell.swift */; };
		FCAFE9E01FE0BD39004DAAE2 /* EatingHabitsTableViewCell.swift in Sources */ = {isa = PBXBuildFile; fileRef = FCAFE9DF1FE0BD39004DAAE2 /* EatingHabitsTableViewCell.swift */; };
		FCBB84551FAACBC200499326 /* QotdResourceService.swift in Sources */ = {isa = PBXBuildFile; fileRef = FCBB84541FAACBC200499326 /* QotdResourceService.swift */; };
/* End PBXBuildFile section */

/* Begin PBXFileReference section */
		2365E9D6DA1B42E93DB5C5BC /* Pods_myBalance.framework */ = {isa = PBXFileReference; explicitFileType = wrapper.framework; includeInIndex = 0; path = Pods_myBalance.framework; sourceTree = BUILT_PRODUCTS_DIR; };
		A244F8D8FB0FC5301867EE30 /* Pods-myBalance.release.xcconfig */ = {isa = PBXFileReference; includeInIndex = 1; lastKnownFileType = text.xcconfig; name = "Pods-myBalance.release.xcconfig"; path = "Pods/Target Support Files/Pods-myBalance/Pods-myBalance.release.xcconfig"; sourceTree = "<group>"; };
		E8C6AF305674208A9DC9C7F2 /* Pods-myBalance.debug.xcconfig */ = {isa = PBXFileReference; includeInIndex = 1; lastKnownFileType = text.xcconfig; name = "Pods-myBalance.debug.xcconfig"; path = "Pods/Target Support Files/Pods-myBalance/Pods-myBalance.debug.xcconfig"; sourceTree = "<group>"; };
		FC0BC50E1FB3F63200225270 /* UserInfoResourceService.swift */ = {isa = PBXFileReference; lastKnownFileType = sourcecode.swift; path = UserInfoResourceService.swift; sourceTree = "<group>"; };
		FC0BC5111FB3F67E00225270 /* UserInfo.swift */ = {isa = PBXFileReference; lastKnownFileType = sourcecode.swift; path = UserInfo.swift; sourceTree = "<group>"; };
		FC2762CC1FBBD9DC000502A6 /* QuoteOfTheDayResponse.swift */ = {isa = PBXFileReference; lastKnownFileType = sourcecode.swift; path = QuoteOfTheDayResponse.swift; sourceTree = "<group>"; };
		FC3FD0E71FA678B7002E6529 /* myBalance.app */ = {isa = PBXFileReference; explicitFileType = wrapper.application; includeInIndex = 0; path = myBalance.app; sourceTree = BUILT_PRODUCTS_DIR; };
		FC3FD0EA1FA678B7002E6529 /* AppDelegate.swift */ = {isa = PBXFileReference; lastKnownFileType = sourcecode.swift; path = AppDelegate.swift; sourceTree = "<group>"; };
		FC3FD0EF1FA678B7002E6529 /* Base */ = {isa = PBXFileReference; lastKnownFileType = file.storyboard; name = Base; path = Base.lproj/Main.storyboard; sourceTree = "<group>"; };
		FC3FD0F11FA678B7002E6529 /* Assets.xcassets */ = {isa = PBXFileReference; lastKnownFileType = folder.assetcatalog; path = Assets.xcassets; sourceTree = "<group>"; };
		FC3FD0F41FA678B7002E6529 /* Base */ = {isa = PBXFileReference; lastKnownFileType = file.storyboard; name = Base; path = Base.lproj/LaunchScreen.storyboard; sourceTree = "<group>"; };
		FC3FD0F61FA678B7002E6529 /* Info.plist */ = {isa = PBXFileReference; lastKnownFileType = text.plist.xml; path = Info.plist; sourceTree = "<group>"; };
		FC3FD1011FA67A8E002E6529 /* LandingScreenViewController.swift */ = {isa = PBXFileReference; fileEncoding = 4; lastKnownFileType = sourcecode.swift; path = LandingScreenViewController.swift; sourceTree = "<group>"; };
		FC59FB331FC105580046C613 /* DashboardTableViewController.swift */ = {isa = PBXFileReference; lastKnownFileType = sourcecode.swift; path = DashboardTableViewController.swift; sourceTree = "<group>"; };
		FC59FB361FC1057D0046C613 /* SideMenuTableViewController.swift */ = {isa = PBXFileReference; lastKnownFileType = sourcecode.swift; path = SideMenuTableViewController.swift; sourceTree = "<group>"; };
		FC59FB381FC10A300046C613 /* MoodTableViewCell.swift */ = {isa = PBXFileReference; lastKnownFileType = sourcecode.swift; path = MoodTableViewCell.swift; sourceTree = "<group>"; };
		FC59FB3A1FC10B1F0046C613 /* ProfileSettingsTableViewCell.swift */ = {isa = PBXFileReference; lastKnownFileType = sourcecode.swift; path = ProfileSettingsTableViewCell.swift; sourceTree = "<group>"; };
		FC59FB3C1FC10B2C0046C613 /* NotificationsTableViewCell.swift */ = {isa = PBXFileReference; lastKnownFileType = sourcecode.swift; path = NotificationsTableViewCell.swift; sourceTree = "<group>"; };
		FC59FB3E1FC10E630046C613 /* MyNetworkTableViewCell.swift */ = {isa = PBXFileReference; lastKnownFileType = sourcecode.swift; path = MyNetworkTableViewCell.swift; sourceTree = "<group>"; };
		FC59FB401FC10E7C0046C613 /* UpgradeTableViewCell.swift */ = {isa = PBXFileReference; lastKnownFileType = sourcecode.swift; path = UpgradeTableViewCell.swift; sourceTree = "<group>"; };
		FC59FB421FC10E8D0046C613 /* HelpTableViewCell.swift */ = {isa = PBXFileReference; lastKnownFileType = sourcecode.swift; path = HelpTableViewCell.swift; sourceTree = "<group>"; };
		FC59FB441FC10E9C0046C613 /* TermsOfServiceTableViewCell.swift */ = {isa = PBXFileReference; lastKnownFileType = sourcecode.swift; path = TermsOfServiceTableViewCell.swift; sourceTree = "<group>"; };
		FC59FB461FC10EA60046C613 /* LogOutTableViewCell.swift */ = {isa = PBXFileReference; lastKnownFileType = sourcecode.swift; path = LogOutTableViewCell.swift; sourceTree = "<group>"; };
		FC65C6901FB7E16B005513D2 /* ServiceBase.swift */ = {isa = PBXFileReference; lastKnownFileType = sourcecode.swift; path = ServiceBase.swift; sourceTree = "<group>"; };
		FC8742AE1FAFDA1200D315E5 /* AddProfileViewController.swift */ = {isa = PBXFileReference; fileEncoding = 4; lastKnownFileType = sourcecode.swift; path = AddProfileViewController.swift; sourceTree = "<group>"; };
		FC8962A11FA67F5B00D75A8F /* LoginViewController.swift */ = {isa = PBXFileReference; fileEncoding = 4; lastKnownFileType = sourcecode.swift; path = LoginViewController.swift; sourceTree = "<group>"; };
		FC8962A41FA67F8A00D75A8F /* LoginRequest.swift */ = {isa = PBXFileReference; fileEncoding = 4; lastKnownFileType = sourcecode.swift; path = LoginRequest.swift; sourceTree = "<group>"; };
		FC8962A61FA67F9800D75A8F /* AuthenticateResponse.swift */ = {isa = PBXFileReference; fileEncoding = 4; lastKnownFileType = sourcecode.swift; path = AuthenticateResponse.swift; sourceTree = "<group>"; };
		FC8962A91FA67FD800D75A8F /* LoginViewModel.swift */ = {isa = PBXFileReference; fileEncoding = 4; lastKnownFileType = sourcecode.swift; path = LoginViewModel.swift; sourceTree = "<group>"; };
		FC8962AC1FA688F900D75A8F /* UserJwtControllerService.swift */ = {isa = PBXFileReference; fileEncoding = 4; lastKnownFileType = sourcecode.swift; path = UserJwtControllerService.swift; sourceTree = "<group>"; };
		FC8962AE1FA6892800D75A8F /* ApiResponse.swift */ = {isa = PBXFileReference; fileEncoding = 4; lastKnownFileType = sourcecode.swift; path = ApiResponse.swift; sourceTree = "<group>"; };
		FC8962B11FA68C5700D75A8F /* QotdViewController.swift */ = {isa = PBXFileReference; fileEncoding = 4; lastKnownFileType = sourcecode.swift; path = QotdViewController.swift; sourceTree = "<group>"; };
		FC8962B51FA6B72E00D75A8F /* SignUpViewController.swift */ = {isa = PBXFileReference; fileEncoding = 4; lastKnownFileType = sourcecode.swift; path = SignUpViewController.swift; sourceTree = "<group>"; };
		FC8962B71FA6BC3700D75A8F /* SignUpViewModel.swift */ = {isa = PBXFileReference; fileEncoding = 4; lastKnownFileType = sourcecode.swift; path = SignUpViewModel.swift; sourceTree = "<group>"; };
		FC8962BA1FA6BF5A00D75A8F /* RegisterAccountRequest.swift */ = {isa = PBXFileReference; fileEncoding = 4; lastKnownFileType = sourcecode.swift; path = RegisterAccountRequest.swift; sourceTree = "<group>"; };
		FC8962BD1FA6BFFA00D75A8F /* AccountResourceService.swift */ = {isa = PBXFileReference; fileEncoding = 4; lastKnownFileType = sourcecode.swift; path = AccountResourceService.swift; sourceTree = "<group>"; };
		FCA6F4551FB1536300925441 /* AddProfileViewModel.swift */ = {isa = PBXFileReference; lastKnownFileType = sourcecode.swift; path = AddProfileViewModel.swift; sourceTree = "<group>"; };
		FCA6F4571FB153C300925441 /* AddProfileRequest.swift */ = {isa = PBXFileReference; lastKnownFileType = sourcecode.swift; path = AddProfileRequest.swift; sourceTree = "<group>"; };
		FCAFE9CD1FE0BB84004DAAE2 /* TrackTableViewController.swift */ = {isa = PBXFileReference; lastKnownFileType = sourcecode.swift; path = TrackTableViewController.swift; sourceTree = "<group>"; };
		FCAFE9D11FE0BCCE004DAAE2 /* SleepTableViewCell.swift */ = {isa = PBXFileReference; lastKnownFileType = sourcecode.swift; path = SleepTableViewCell.swift; sourceTree = "<group>"; };
		FCAFE9D31FE0BCD8004DAAE2 /* StressTableViewCell.swift */ = {isa = PBXFileReference; lastKnownFileType = sourcecode.swift; path = StressTableViewCell.swift; sourceTree = "<group>"; };
		FCAFE9D51FE0BCEC004DAAE2 /* InterestsTableViewCell.swift */ = {isa = PBXFileReference; lastKnownFileType = sourcecode.swift; path = InterestsTableViewCell.swift; sourceTree = "<group>"; };
		FCAFE9D71FE0BCF8004DAAE2 /* ConcentrationTableViewCell.swift */ = {isa = PBXFileReference; lastKnownFileType = sourcecode.swift; path = ConcentrationTableViewCell.swift; sourceTree = "<group>"; };
		FCAFE9D91FE0BD17004DAAE2 /* IrritabilityTableViewCell.swift */ = {isa = PBXFileReference; lastKnownFileType = sourcecode.swift; path = IrritabilityTableViewCell.swift; sourceTree = "<group>"; };
		FCAFE9DB1FE0BD22004DAAE2 /* BodyTableViewCell.swift */ = {isa = PBXFileReference; lastKnownFileType = sourcecode.swift; path = BodyTableViewCell.swift; sourceTree = "<group>"; };
		FCAFE9DD1FE0BD2E004DAAE2 /* PerformanceTableViewCell.swift */ = {isa = PBXFileReference; lastKnownFileType = sourcecode.swift; path = PerformanceTableViewCell.swift; sourceTree = "<group>"; };
		FCAFE9DF1FE0BD39004DAAE2 /* EatingHabitsTableViewCell.swift */ = {isa = PBXFileReference; lastKnownFileType = sourcecode.swift; path = EatingHabitsTableViewCell.swift; sourceTree = "<group>"; };
		FCBB84541FAACBC200499326 /* QotdResourceService.swift */ = {isa = PBXFileReference; fileEncoding = 4; lastKnownFileType = sourcecode.swift; path = QotdResourceService.swift; sourceTree = "<group>"; };
/* End PBXFileReference section */

/* Begin PBXFrameworksBuildPhase section */
		FC3FD0E41FA678B7002E6529 /* Frameworks */ = {
			isa = PBXFrameworksBuildPhase;
			buildActionMask = 2147483647;
			files = (
				F40C76B4B2285541A28B58EF /* Pods_myBalance.framework in Frameworks */,
			);
			runOnlyForDeploymentPostprocessing = 0;
		};
/* End PBXFrameworksBuildPhase section */

/* Begin PBXGroup section */
		04A885315F82073FCF222B15 /* Pods */ = {
			isa = PBXGroup;
			children = (
				E8C6AF305674208A9DC9C7F2 /* Pods-myBalance.debug.xcconfig */,
				A244F8D8FB0FC5301867EE30 /* Pods-myBalance.release.xcconfig */,
			);
			name = Pods;
			sourceTree = "<group>";
		};
		88330853AE7B1B7862F7C264 /* Frameworks */ = {
			isa = PBXGroup;
			children = (
				2365E9D6DA1B42E93DB5C5BC /* Pods_myBalance.framework */,
			);
			name = Frameworks;
			sourceTree = "<group>";
		};
		FC0BC50D1FB3F60200225270 /* user-info-resource */ = {
			isa = PBXGroup;
			children = (
				FC0BC50E1FB3F63200225270 /* UserInfoResourceService.swift */,
			);
			name = "user-info-resource";
			sourceTree = "<group>";
		};
		FC0BC5101FB3F66F00225270 /* user-info-resource */ = {
			isa = PBXGroup;
			children = (
				FC0BC5111FB3F67E00225270 /* UserInfo.swift */,
			);
			name = "user-info-resource";
			sourceTree = "<group>";
		};
		FC2762CB1FBBD9C6000502A6 /* qotd-resource */ = {
			isa = PBXGroup;
			children = (
				FC2762CC1FBBD9DC000502A6 /* QuoteOfTheDayResponse.swift */,
			);
			name = "qotd-resource";
			sourceTree = "<group>";
		};
		FC3FD0DE1FA678B7002E6529 = {
			isa = PBXGroup;
			children = (
				FC3FD0E91FA678B7002E6529 /* myBalance */,
				FC3FD0E81FA678B7002E6529 /* Products */,
				04A885315F82073FCF222B15 /* Pods */,
				88330853AE7B1B7862F7C264 /* Frameworks */,
			);
			sourceTree = "<group>";
		};
		FC3FD0E81FA678B7002E6529 /* Products */ = {
			isa = PBXGroup;
			children = (
				FC3FD0E71FA678B7002E6529 /* myBalance.app */,
			);
			name = Products;
			sourceTree = "<group>";
		};
		FC3FD0E91FA678B7002E6529 /* myBalance */ = {
			isa = PBXGroup;
			children = (
				FC3FD0FF1FA67A60002E6529 /* Services */,
				FC3FD0FE1FA67A5B002E6529 /* Views */,
				FC3FD0FD1FA67A51002E6529 /* ViewModels */,
				FC3FD0FC1FA67A4A002E6529 /* Models */,
				FC3FD0EA1FA678B7002E6529 /* AppDelegate.swift */,
				FC3FD0EE1FA678B7002E6529 /* Main.storyboard */,
				FC3FD0F11FA678B7002E6529 /* Assets.xcassets */,
				FC3FD0F31FA678B7002E6529 /* LaunchScreen.storyboard */,
				FC3FD0F61FA678B7002E6529 /* Info.plist */,
			);
			path = myBalance;
			sourceTree = "<group>";
		};
		FC3FD0FC1FA67A4A002E6529 /* Models */ = {
			isa = PBXGroup;
			children = (
				FC2762CB1FBBD9C6000502A6 /* qotd-resource */,
				FC0BC5101FB3F66F00225270 /* user-info-resource */,
				FC8962B91FA6BF4200D75A8F /* account-resource */,
				FC8962A31FA67F6B00D75A8F /* user-jwt-controller */,
				FC8962AE1FA6892800D75A8F /* ApiResponse.swift */,
			);
			name = Models;
			sourceTree = "<group>";
		};
		FC3FD0FD1FA67A51002E6529 /* ViewModels */ = {
			isa = PBXGroup;
			children = (
				FC8962B31FA6B71200D75A8F /* Sign Up */,
				FC8962A81FA67FCB00D75A8F /* Login */,
			);
			name = ViewModels;
			sourceTree = "<group>";
		};
		FC3FD0FE1FA67A5B002E6529 /* Views */ = {
			isa = PBXGroup;
			children = (
				FCAFE9CC1FE0BB64004DAAE2 /* Track */,
				FC59FB351FC1056F0046C613 /* Side Menu */,
				FC59FB301FC104E30046C613 /* Dashboard */,
				FC8962B41FA6B71B00D75A8F /* Sign Up */,
				FC8962B01FA68C4400D75A8F /* QOTD */,
				FC8962A01FA67F4800D75A8F /* Login */,
				FC3FD1001FA67A79002E6529 /* Landing Screen */,
			);
			name = Views;
			sourceTree = "<group>";
		};
		FC3FD0FF1FA67A60002E6529 /* Services */ = {
			isa = PBXGroup;
			children = (
				FC0BC50D1FB3F60200225270 /* user-info-resource */,
				FCBB84531FAACB9E00499326 /* qotd-resource */,
				FC8962BC1FA6BFE900D75A8F /* account-resource */,
				FC8962AB1FA688CD00D75A8F /* user-jwt-controller */,
				FC65C6901FB7E16B005513D2 /* ServiceBase.swift */,
			);
			name = Services;
			sourceTree = "<group>";
		};
		FC3FD1001FA67A79002E6529 /* Landing Screen */ = {
			isa = PBXGroup;
			children = (
				FC3FD1011FA67A8E002E6529 /* LandingScreenViewController.swift */,
			);
			name = "Landing Screen";
			sourceTree = "<group>";
		};
		FC59FB301FC104E30046C613 /* Dashboard */ = {
			isa = PBXGroup;
			children = (
				FC59FB331FC105580046C613 /* DashboardTableViewController.swift */,
				FC59FB381FC10A300046C613 /* MoodTableViewCell.swift */,
			);
			name = Dashboard;
			sourceTree = "<group>";
		};
		FC59FB351FC1056F0046C613 /* Side Menu */ = {
			isa = PBXGroup;
			children = (
				FC59FB361FC1057D0046C613 /* SideMenuTableViewController.swift */,
				FC59FB3A1FC10B1F0046C613 /* ProfileSettingsTableViewCell.swift */,
				FC59FB3C1FC10B2C0046C613 /* NotificationsTableViewCell.swift */,
				FC59FB3E1FC10E630046C613 /* MyNetworkTableViewCell.swift */,
				FC59FB401FC10E7C0046C613 /* UpgradeTableViewCell.swift */,
				FC59FB421FC10E8D0046C613 /* HelpTableViewCell.swift */,
				FC59FB441FC10E9C0046C613 /* TermsOfServiceTableViewCell.swift */,
				FC59FB461FC10EA60046C613 /* LogOutTableViewCell.swift */,
			);
			name = "Side Menu";
			sourceTree = "<group>";
		};
		FC8962A01FA67F4800D75A8F /* Login */ = {
			isa = PBXGroup;
			children = (
				FC8962A11FA67F5B00D75A8F /* LoginViewController.swift */,
			);
			name = Login;
			sourceTree = "<group>";
		};
		FC8962A31FA67F6B00D75A8F /* user-jwt-controller */ = {
			isa = PBXGroup;
			children = (
				FC8962A41FA67F8A00D75A8F /* LoginRequest.swift */,
				FC8962A61FA67F9800D75A8F /* AuthenticateResponse.swift */,
			);
			name = "user-jwt-controller";
			sourceTree = "<group>";
		};
		FC8962A81FA67FCB00D75A8F /* Login */ = {
			isa = PBXGroup;
			children = (
				FC8962A91FA67FD800D75A8F /* LoginViewModel.swift */,
			);
			name = Login;
			sourceTree = "<group>";
		};
		FC8962AB1FA688CD00D75A8F /* user-jwt-controller */ = {
			isa = PBXGroup;
			children = (
				FC8962AC1FA688F900D75A8F /* UserJwtControllerService.swift */,
			);
			name = "user-jwt-controller";
			sourceTree = "<group>";
		};
		FC8962B01FA68C4400D75A8F /* QOTD */ = {
			isa = PBXGroup;
			children = (
				FC8962B11FA68C5700D75A8F /* QotdViewController.swift */,
			);
			name = QOTD;
			sourceTree = "<group>";
		};
		FC8962B31FA6B71200D75A8F /* Sign Up */ = {
			isa = PBXGroup;
			children = (
				FC8962B71FA6BC3700D75A8F /* SignUpViewModel.swift */,
				FCA6F4551FB1536300925441 /* AddProfileViewModel.swift */,
			);
			name = "Sign Up";
			sourceTree = "<group>";
		};
		FC8962B41FA6B71B00D75A8F /* Sign Up */ = {
			isa = PBXGroup;
			children = (
				FC8962B51FA6B72E00D75A8F /* SignUpViewController.swift */,
				FC8742AE1FAFDA1200D315E5 /* AddProfileViewController.swift */,
			);
			name = "Sign Up";
			sourceTree = "<group>";
		};
		FC8962B91FA6BF4200D75A8F /* account-resource */ = {
			isa = PBXGroup;
			children = (
				FC8962BA1FA6BF5A00D75A8F /* RegisterAccountRequest.swift */,
				FCA6F4571FB153C300925441 /* AddProfileRequest.swift */,
			);
			name = "account-resource";
			sourceTree = "<group>";
		};
		FC8962BC1FA6BFE900D75A8F /* account-resource */ = {
			isa = PBXGroup;
			children = (
				FC8962BD1FA6BFFA00D75A8F /* AccountResourceService.swift */,
			);
			name = "account-resource";
			sourceTree = "<group>";
		};
		FCAFE9CC1FE0BB64004DAAE2 /* Track */ = {
			isa = PBXGroup;
			children = (
				FCAFE9CD1FE0BB84004DAAE2 /* TrackTableViewController.swift */,
				FCAFE9D11FE0BCCE004DAAE2 /* SleepTableViewCell.swift */,
				FCAFE9D31FE0BCD8004DAAE2 /* StressTableViewCell.swift */,
				FCAFE9D51FE0BCEC004DAAE2 /* InterestsTableViewCell.swift */,
				FCAFE9D71FE0BCF8004DAAE2 /* ConcentrationTableViewCell.swift */,
				FCAFE9D91FE0BD17004DAAE2 /* IrritabilityTableViewCell.swift */,
				FCAFE9DB1FE0BD22004DAAE2 /* BodyTableViewCell.swift */,
				FCAFE9DD1FE0BD2E004DAAE2 /* PerformanceTableViewCell.swift */,
				FCAFE9DF1FE0BD39004DAAE2 /* EatingHabitsTableViewCell.swift */,
			);
			name = Track;
			sourceTree = "<group>";
		};
		FCBB84531FAACB9E00499326 /* qotd-resource */ = {
			isa = PBXGroup;
			children = (
				FCBB84541FAACBC200499326 /* QotdResourceService.swift */,
			);
			name = "qotd-resource";
			sourceTree = "<group>";
		};
/* End PBXGroup section */

/* Begin PBXNativeTarget section */
		FC3FD0E61FA678B7002E6529 /* myBalance */ = {
			isa = PBXNativeTarget;
			buildConfigurationList = FC3FD0F91FA678B7002E6529 /* Build configuration list for PBXNativeTarget "myBalance" */;
			buildPhases = (
				2D7CAA8DCAD93BB68D85B5B7 /* [CP] Check Pods Manifest.lock */,
				FC3FD0E31FA678B7002E6529 /* Sources */,
				FC3FD0E41FA678B7002E6529 /* Frameworks */,
				FC3FD0E51FA678B7002E6529 /* Resources */,
				DA66EBC0BEC2731B47444669 /* [CP] Embed Pods Frameworks */,
				127470CAD37A2885FAC43C21 /* [CP] Copy Pods Resources */,
			);
			buildRules = (
			);
			dependencies = (
			);
			name = myBalance;
			productName = myBalance;
			productReference = FC3FD0E71FA678B7002E6529 /* myBalance.app */;
			productType = "com.apple.product-type.application";
		};
/* End PBXNativeTarget section */

/* Begin PBXProject section */
		FC3FD0DF1FA678B7002E6529 /* Project object */ = {
			isa = PBXProject;
			attributes = {
				LastSwiftUpdateCheck = 0830;
				LastUpgradeCheck = 0910;
				ORGANIZATIONNAME = "Andrew Mogg";
				TargetAttributes = {
					FC3FD0E61FA678B7002E6529 = {
						CreatedOnToolsVersion = 8.3.3;
						DevelopmentTeam = G5B8CK3AQ9;
						ProvisioningStyle = Automatic;
					};
				};
			};
			buildConfigurationList = FC3FD0E21FA678B7002E6529 /* Build configuration list for PBXProject "myBalance" */;
			compatibilityVersion = "Xcode 3.2";
			developmentRegion = English;
			hasScannedForEncodings = 0;
			knownRegions = (
				en,
				Base,
			);
			mainGroup = FC3FD0DE1FA678B7002E6529;
			productRefGroup = FC3FD0E81FA678B7002E6529 /* Products */;
			projectDirPath = "";
			projectRoot = "";
			targets = (
				FC3FD0E61FA678B7002E6529 /* myBalance */,
			);
		};
/* End PBXProject section */

/* Begin PBXResourcesBuildPhase section */
		FC3FD0E51FA678B7002E6529 /* Resources */ = {
			isa = PBXResourcesBuildPhase;
			buildActionMask = 2147483647;
			files = (
				FC3FD0F51FA678B7002E6529 /* LaunchScreen.storyboard in Resources */,
				FC3FD0F21FA678B7002E6529 /* Assets.xcassets in Resources */,
				FC3FD0F01FA678B7002E6529 /* Main.storyboard in Resources */,
			);
			runOnlyForDeploymentPostprocessing = 0;
		};
/* End PBXResourcesBuildPhase section */

/* Begin PBXShellScriptBuildPhase section */
		127470CAD37A2885FAC43C21 /* [CP] Copy Pods Resources */ = {
			isa = PBXShellScriptBuildPhase;
			buildActionMask = 2147483647;
			files = (
			);
			inputPaths = (
			);
			name = "[CP] Copy Pods Resources";
			outputPaths = (
			);
			runOnlyForDeploymentPostprocessing = 0;
			shellPath = /bin/sh;
			shellScript = "\"${SRCROOT}/Pods/Target Support Files/Pods-myBalance/Pods-myBalance-resources.sh\"\n";
			showEnvVarsInLog = 0;
		};
		2D7CAA8DCAD93BB68D85B5B7 /* [CP] Check Pods Manifest.lock */ = {
			isa = PBXShellScriptBuildPhase;
			buildActionMask = 2147483647;
			files = (
			);
			inputPaths = (
				"${PODS_PODFILE_DIR_PATH}/Podfile.lock",
				"${PODS_ROOT}/Manifest.lock",
			);
			name = "[CP] Check Pods Manifest.lock";
			outputPaths = (
				"$(DERIVED_FILE_DIR)/Pods-myBalance-checkManifestLockResult.txt",
			);
			runOnlyForDeploymentPostprocessing = 0;
			shellPath = /bin/sh;
			shellScript = "diff \"${PODS_PODFILE_DIR_PATH}/Podfile.lock\" \"${PODS_ROOT}/Manifest.lock\" > /dev/null\nif [ $? != 0 ] ; then\n    # print error to STDERR\n    echo \"error: The sandbox is not in sync with the Podfile.lock. Run 'pod install' or update your CocoaPods installation.\" >&2\n    exit 1\nfi\n# This output is used by Xcode 'outputs' to avoid re-running this script phase.\necho \"SUCCESS\" > \"${SCRIPT_OUTPUT_FILE_0}\"\n";
			showEnvVarsInLog = 0;
		};
		DA66EBC0BEC2731B47444669 /* [CP] Embed Pods Frameworks */ = {
			isa = PBXShellScriptBuildPhase;
			buildActionMask = 2147483647;
			files = (
			);
			inputPaths = (
				"${SRCROOT}/Pods/Target Support Files/Pods-myBalance/Pods-myBalance-frameworks.sh",
				"${BUILT_PRODUCTS_DIR}/Alamofire/Alamofire.framework",
				"${BUILT_PRODUCTS_DIR}/SideMenu/SideMenu.framework",
				"${BUILT_PRODUCTS_DIR}/SkyFloatingLabelTextField/SkyFloatingLabelTextField.framework",
				"${BUILT_PRODUCTS_DIR}/SwiftyJSON/SwiftyJSON.framework",
			);
			name = "[CP] Embed Pods Frameworks";
			outputPaths = (
				"${TARGET_BUILD_DIR}/${FRAMEWORKS_FOLDER_PATH}/Alamofire.framework",
				"${TARGET_BUILD_DIR}/${FRAMEWORKS_FOLDER_PATH}/SideMenu.framework",
				"${TARGET_BUILD_DIR}/${FRAMEWORKS_FOLDER_PATH}/SkyFloatingLabelTextField.framework",
				"${TARGET_BUILD_DIR}/${FRAMEWORKS_FOLDER_PATH}/SwiftyJSON.framework",
			);
			runOnlyForDeploymentPostprocessing = 0;
			shellPath = /bin/sh;
			shellScript = "\"${SRCROOT}/Pods/Target Support Files/Pods-myBalance/Pods-myBalance-frameworks.sh\"\n";
			showEnvVarsInLog = 0;
		};
/* End PBXShellScriptBuildPhase section */

/* Begin PBXSourcesBuildPhase section */
		FC3FD0E31FA678B7002E6529 /* Sources */ = {
			isa = PBXSourcesBuildPhase;
			buildActionMask = 2147483647;
			files = (
				FC0BC5121FB3F67E00225270 /* UserInfo.swift in Sources */,
				FCAFE9DC1FE0BD22004DAAE2 /* BodyTableViewCell.swift in Sources */,
				FC8742AF1FAFDA1200D315E5 /* AddProfileViewController.swift in Sources */,
				FC59FB3F1FC10E630046C613 /* MyNetworkTableViewCell.swift in Sources */,
				FC8962A21FA67F5B00D75A8F /* LoginViewController.swift in Sources */,
				FCBB84551FAACBC200499326 /* QotdResourceService.swift in Sources */,
				FC3FD1021FA67A8E002E6529 /* LandingScreenViewController.swift in Sources */,
				FCA6F4561FB1536300925441 /* AddProfileViewModel.swift in Sources */,
				FCA6F4581FB153C300925441 /* AddProfileRequest.swift in Sources */,
				FC59FB411FC10E7C0046C613 /* UpgradeTableViewCell.swift in Sources */,
				FC2762CD1FBBD9DC000502A6 /* QuoteOfTheDayResponse.swift in Sources */,
				FC59FB3D1FC10B2C0046C613 /* NotificationsTableViewCell.swift in Sources */,
				FCAFE9D41FE0BCD8004DAAE2 /* StressTableViewCell.swift in Sources */,
				FC8962BB1FA6BF5A00D75A8F /* RegisterAccountRequest.swift in Sources */,
				FC8962AA1FA67FD800D75A8F /* LoginViewModel.swift in Sources */,
				FC8962AD1FA688F900D75A8F /* UserJwtControllerService.swift in Sources */,
				FC59FB451FC10E9C0046C613 /* TermsOfServiceTableViewCell.swift in Sources */,
				FC8962B61FA6B72E00D75A8F /* SignUpViewController.swift in Sources */,
				FC59FB391FC10A300046C613 /* MoodTableViewCell.swift in Sources */,
				FC59FB471FC10EA60046C613 /* LogOutTableViewCell.swift in Sources */,
				FC0BC50F1FB3F63200225270 /* UserInfoResourceService.swift in Sources */,
				FCAFE9DE1FE0BD2E004DAAE2 /* PerformanceTableViewCell.swift in Sources */,
				FC59FB431FC10E8D0046C613 /* HelpTableViewCell.swift in Sources */,
				FC8962BE1FA6BFFA00D75A8F /* AccountResourceService.swift in Sources */,
				FCAFE9E01FE0BD39004DAAE2 /* EatingHabitsTableViewCell.swift in Sources */,
				FCAFE9D81FE0BCF8004DAAE2 /* ConcentrationTableViewCell.swift in Sources */,
				FCAFE9CE1FE0BB84004DAAE2 /* TrackTableViewController.swift in Sources */,
				FC8962A71FA67F9800D75A8F /* AuthenticateResponse.swift in Sources */,
				FCAFE9D21FE0BCCE004DAAE2 /* SleepTableViewCell.swift in Sources */,
				FC8962AF1FA6892900D75A8F /* ApiResponse.swift in Sources */,
				FC8962B21FA68C5700D75A8F /* QotdViewController.swift in Sources */,
				FC65C6911FB7E16B005513D2 /* ServiceBase.swift in Sources */,
				FCAFE9D61FE0BCEC004DAAE2 /* InterestsTableViewCell.swift in Sources */,
				FC59FB341FC105580046C613 /* DashboardTableViewController.swift in Sources */,
				FC59FB3B1FC10B1F0046C613 /* ProfileSettingsTableViewCell.swift in Sources */,
				FC3FD0EB1FA678B7002E6529 /* AppDelegate.swift in Sources */,
				FC8962B81FA6BC3700D75A8F /* SignUpViewModel.swift in Sources */,
				FCAFE9DA1FE0BD17004DAAE2 /* IrritabilityTableViewCell.swift in Sources */,
				FC59FB371FC1057D0046C613 /* SideMenuTableViewController.swift in Sources */,
				FC8962A51FA67F8A00D75A8F /* LoginRequest.swift in Sources */,
			);
			runOnlyForDeploymentPostprocessing = 0;
		};
/* End PBXSourcesBuildPhase section */

/* Begin PBXVariantGroup section */
		FC3FD0EE1FA678B7002E6529 /* Main.storyboard */ = {
			isa = PBXVariantGroup;
			children = (
				FC3FD0EF1FA678B7002E6529 /* Base */,
			);
			name = Main.storyboard;
			sourceTree = "<group>";
		};
		FC3FD0F31FA678B7002E6529 /* LaunchScreen.storyboard */ = {
			isa = PBXVariantGroup;
			children = (
				FC3FD0F41FA678B7002E6529 /* Base */,
			);
			name = LaunchScreen.storyboard;
			sourceTree = "<group>";
		};
/* End PBXVariantGroup section */

/* Begin XCBuildConfiguration section */
		FC3FD0F71FA678B7002E6529 /* Debug */ = {
			isa = XCBuildConfiguration;
			buildSettings = {
				ALWAYS_SEARCH_USER_PATHS = NO;
				CLANG_ANALYZER_NONNULL = YES;
				CLANG_ANALYZER_NUMBER_OBJECT_CONVERSION = YES_AGGRESSIVE;
				CLANG_CXX_LANGUAGE_STANDARD = "gnu++0x";
				CLANG_CXX_LIBRARY = "libc++";
				CLANG_ENABLE_MODULES = YES;
				CLANG_ENABLE_OBJC_ARC = YES;
				CLANG_WARN_BLOCK_CAPTURE_AUTORELEASING = YES;
				CLANG_WARN_BOOL_CONVERSION = YES;
				CLANG_WARN_COMMA = YES;
				CLANG_WARN_CONSTANT_CONVERSION = YES;
				CLANG_WARN_DIRECT_OBJC_ISA_USAGE = YES_ERROR;
				CLANG_WARN_DOCUMENTATION_COMMENTS = YES;
				CLANG_WARN_EMPTY_BODY = YES;
				CLANG_WARN_ENUM_CONVERSION = YES;
				CLANG_WARN_INFINITE_RECURSION = YES;
				CLANG_WARN_INT_CONVERSION = YES;
				CLANG_WARN_NON_LITERAL_NULL_CONVERSION = YES;
				CLANG_WARN_OBJC_LITERAL_CONVERSION = YES;
				CLANG_WARN_OBJC_ROOT_CLASS = YES_ERROR;
				CLANG_WARN_RANGE_LOOP_ANALYSIS = YES;
				CLANG_WARN_STRICT_PROTOTYPES = YES;
				CLANG_WARN_SUSPICIOUS_MOVE = YES;
				CLANG_WARN_UNREACHABLE_CODE = YES;
				CLANG_WARN__DUPLICATE_METHOD_MATCH = YES;
				"CODE_SIGN_IDENTITY[sdk=iphoneos*]" = "iPhone Developer";
				COPY_PHASE_STRIP = NO;
				DEBUG_INFORMATION_FORMAT = dwarf;
				ENABLE_STRICT_OBJC_MSGSEND = YES;
				ENABLE_TESTABILITY = YES;
				GCC_C_LANGUAGE_STANDARD = gnu99;
				GCC_DYNAMIC_NO_PIC = NO;
				GCC_NO_COMMON_BLOCKS = YES;
				GCC_OPTIMIZATION_LEVEL = 0;
				GCC_PREPROCESSOR_DEFINITIONS = (
					"DEBUG=1",
					"$(inherited)",
				);
				GCC_WARN_64_TO_32_BIT_CONVERSION = YES;
				GCC_WARN_ABOUT_RETURN_TYPE = YES_ERROR;
				GCC_WARN_UNDECLARED_SELECTOR = YES;
				GCC_WARN_UNINITIALIZED_AUTOS = YES_AGGRESSIVE;
				GCC_WARN_UNUSED_FUNCTION = YES;
				GCC_WARN_UNUSED_VARIABLE = YES;
				IPHONEOS_DEPLOYMENT_TARGET = 10.3;
				MTL_ENABLE_DEBUG_INFO = YES;
				ONLY_ACTIVE_ARCH = YES;
				SDKROOT = iphoneos;
				SWIFT_ACTIVE_COMPILATION_CONDITIONS = DEBUG;
				SWIFT_OPTIMIZATION_LEVEL = "-Onone";
			};
			name = Debug;
		};
		FC3FD0F81FA678B7002E6529 /* Release */ = {
			isa = XCBuildConfiguration;
			buildSettings = {
				ALWAYS_SEARCH_USER_PATHS = NO;
				CLANG_ANALYZER_NONNULL = YES;
				CLANG_ANALYZER_NUMBER_OBJECT_CONVERSION = YES_AGGRESSIVE;
				CLANG_CXX_LANGUAGE_STANDARD = "gnu++0x";
				CLANG_CXX_LIBRARY = "libc++";
				CLANG_ENABLE_MODULES = YES;
				CLANG_ENABLE_OBJC_ARC = YES;
				CLANG_WARN_BLOCK_CAPTURE_AUTORELEASING = YES;
				CLANG_WARN_BOOL_CONVERSION = YES;
				CLANG_WARN_COMMA = YES;
				CLANG_WARN_CONSTANT_CONVERSION = YES;
				CLANG_WARN_DIRECT_OBJC_ISA_USAGE = YES_ERROR;
				CLANG_WARN_DOCUMENTATION_COMMENTS = YES;
				CLANG_WARN_EMPTY_BODY = YES;
				CLANG_WARN_ENUM_CONVERSION = YES;
				CLANG_WARN_INFINITE_RECURSION = YES;
				CLANG_WARN_INT_CONVERSION = YES;
				CLANG_WARN_NON_LITERAL_NULL_CONVERSION = YES;
				CLANG_WARN_OBJC_LITERAL_CONVERSION = YES;
				CLANG_WARN_OBJC_ROOT_CLASS = YES_ERROR;
				CLANG_WARN_RANGE_LOOP_ANALYSIS = YES;
				CLANG_WARN_STRICT_PROTOTYPES = YES;
				CLANG_WARN_SUSPICIOUS_MOVE = YES;
				CLANG_WARN_UNREACHABLE_CODE = YES;
				CLANG_WARN__DUPLICATE_METHOD_MATCH = YES;
				"CODE_SIGN_IDENTITY[sdk=iphoneos*]" = "iPhone Developer";
				COPY_PHASE_STRIP = NO;
				DEBUG_INFORMATION_FORMAT = "dwarf-with-dsym";
				ENABLE_NS_ASSERTIONS = NO;
				ENABLE_STRICT_OBJC_MSGSEND = YES;
				GCC_C_LANGUAGE_STANDARD = gnu99;
				GCC_NO_COMMON_BLOCKS = YES;
				GCC_WARN_64_TO_32_BIT_CONVERSION = YES;
				GCC_WARN_ABOUT_RETURN_TYPE = YES_ERROR;
				GCC_WARN_UNDECLARED_SELECTOR = YES;
				GCC_WARN_UNINITIALIZED_AUTOS = YES_AGGRESSIVE;
				GCC_WARN_UNUSED_FUNCTION = YES;
				GCC_WARN_UNUSED_VARIABLE = YES;
				IPHONEOS_DEPLOYMENT_TARGET = 10.3;
				MTL_ENABLE_DEBUG_INFO = NO;
				SDKROOT = iphoneos;
				SWIFT_OPTIMIZATION_LEVEL = "-Owholemodule";
				VALIDATE_PRODUCT = YES;
			};
			name = Release;
		};
		FC3FD0FA1FA678B7002E6529 /* Debug */ = {
			isa = XCBuildConfiguration;
			baseConfigurationReference = E8C6AF305674208A9DC9C7F2 /* Pods-myBalance.debug.xcconfig */;
			buildSettings = {
				ASSETCATALOG_COMPILER_APPICON_NAME = AppIcon;
				DEVELOPMENT_TEAM = G5B8CK3AQ9;
				INFOPLIST_FILE = myBalance/Info.plist;
				LD_RUNPATH_SEARCH_PATHS = "$(inherited) @executable_path/Frameworks";
				PRODUCT_BUNDLE_IDENTIFIER = com.andrewmogg.myBalance;
				PRODUCT_NAME = "$(TARGET_NAME)";
				SWIFT_VERSION = 4.0;
			};
			name = Debug;
		};
		FC3FD0FB1FA678B7002E6529 /* Release */ = {
			isa = XCBuildConfiguration;
			baseConfigurationReference = A244F8D8FB0FC5301867EE30 /* Pods-myBalance.release.xcconfig */;
			buildSettings = {
				ASSETCATALOG_COMPILER_APPICON_NAME = AppIcon;
				DEVELOPMENT_TEAM = G5B8CK3AQ9;
				INFOPLIST_FILE = myBalance/Info.plist;
				LD_RUNPATH_SEARCH_PATHS = "$(inherited) @executable_path/Frameworks";
				PRODUCT_BUNDLE_IDENTIFIER = com.andrewmogg.myBalance;
				PRODUCT_NAME = "$(TARGET_NAME)";
				SWIFT_VERSION = 4.0;
			};
			name = Release;
		};
/* End XCBuildConfiguration section */

/* Begin XCConfigurationList section */
		FC3FD0E21FA678B7002E6529 /* Build configuration list for PBXProject "myBalance" */ = {
			isa = XCConfigurationList;
			buildConfigurations = (
				FC3FD0F71FA678B7002E6529 /* Debug */,
				FC3FD0F81FA678B7002E6529 /* Release */,
			);
			defaultConfigurationIsVisible = 0;
			defaultConfigurationName = Release;
		};
		FC3FD0F91FA678B7002E6529 /* Build configuration list for PBXNativeTarget "myBalance" */ = {
			isa = XCConfigurationList;
			buildConfigurations = (
				FC3FD0FA1FA678B7002E6529 /* Debug */,
				FC3FD0FB1FA678B7002E6529 /* Release */,
			);
			defaultConfigurationIsVisible = 0;
			defaultConfigurationName = Release;
		};
/* End XCConfigurationList section */
	};
	rootObject = FC3FD0DF1FA678B7002E6529 /* Project object */;
}
